
Microsoft Visual Studio Solution File, Format Version 12.00
# Visual Studio Version 17
VisualStudioVersion = 17.7.34031.279
MinimumVisualStudioVersion = 10.0.40219.1
Project("{FAE04EC0-301F-11D3-BF4B-00C04F79EFBC}") = "EDJD_POO_Construcao_Civil", "EDJD_POO_Construcao_Civil\EDJD_POO_Construcao_Civil.csproj", "{CEAA7C8B-0188-4EC6-A21E-83E843CC3D09}"
EndProject
Global
	GlobalSection(SolutionConfigurationPlatforms) = preSolution
		Debug|Any CPU = Debug|Any CPU
		Release|Any CPU = Release|Any CPU
	EndGlobalSection
	GlobalSection(ProjectConfigurationPlatforms) = postSolution
		{CEAA7C8B-0188-4EC6-A21E-83E843CC3D09}.Debug|Any CPU.ActiveCfg = Debug|Any CPU
		{CEAA7C8B-0188-4EC6-A21E-83E843CC3D09}.Debug|Any CPU.Build.0 = Debug|Any CPU
		{CEAA7C8B-0188-4EC6-A21E-83E843CC3D09}.Release|Any CPU.ActiveCfg = Release|Any CPU
		{CEAA7C8B-0188-4EC6-A21E-83E843CC3D09}.Release|Any CPU.Build.0 = Release|Any CPU
	EndGlobalSection
	GlobalSection(SolutionProperties) = preSolution
		HideSolutionNode = FALSE
	EndGlobalSection
	GlobalSection(ExtensibilityGlobals) = postSolution
		SolutionGuid = {806C9F73-CFD7-4D6C-82B6-3425131AFD50}
	EndGlobalSection
EndGlobal
